
Microsoft Visual Studio Solution File, Format Version 12.00
# Visual Studio Version 16
VisualStudioVersion = 16.0.31605.320
MinimumVisualStudioVersion = 10.0.40219.1
Project("{FAE04EC0-301F-11D3-BF4B-00C04F79EFBC}") = "ScanTest", "ScanTest\ScanTest.csproj", "{577D24B1-9B66-400B-9949-0B3DAF046AA3}"
EndProject
Global
	GlobalSection(SolutionConfigurationPlatforms) = preSolution
		Debug|Any CPU = Debug|Any CPU
		Release|Any CPU = Release|Any CPU
	EndGlobalSection
	GlobalSection(ProjectConfigurationPlatforms) = postSolution
		{577D24B1-9B66-400B-9949-0B3DAF046AA3}.Debug|Any CPU.ActiveCfg = Debug|Any CPU
		{577D24B1-9B66-400B-9949-0B3DAF046AA3}.Debug|Any CPU.Build.0 = Debug|Any CPU
		{577D24B1-9B66-400B-9949-0B3DAF046AA3}.Release|Any CPU.ActiveCfg = Release|Any CPU
		{577D24B1-9B66-400B-9949-0B3DAF046AA3}.Release|Any CPU.Build.0 = Release|Any CPU
	EndGlobalSection
	GlobalSection(SolutionProperties) = preSolution
		HideSolutionNode = FALSE
	EndGlobalSection
	GlobalSection(ExtensibilityGlobals) = postSolution
		SolutionGuid = {1D67BB06-7EDC-4032-8DBA-9087AD801D86}
	EndGlobalSection
EndGlobal
